
Microsoft Visual Studio Solution File, Format Version 12.00
# Visual Studio Version 17
VisualStudioVersion = 17.1.32421.90
MinimumVisualStudioVersion = 10.0.40219.1
Project("{9A19103F-16F7-4668-BE54-9A1E7A4F7556}") = "UrlShortener", "UrlShortener\UrlShortener.csproj", "{BA6FFF48-FEAF-45B4-A8FC-D4FA2C861B14}"
EndProject
Project("{9A19103F-16F7-4668-BE54-9A1E7A4F7556}") = "Presentation", "Presentation\Presentation.csproj", "{EB3014A1-C5EE-4340-84C9-EC8347ED7AA3}"
EndProject
Project("{9A19103F-16F7-4668-BE54-9A1E7A4F7556}") = "Domain", "Domain\Domain.csproj", "{A184A0DD-1DBB-4DEF-A620-C833DFC3085F}"
EndProject
Project("{2150E333-8FDC-42A3-9474-1A3956D46DE8}") = "Infrastructure", "Infrastructure", "{8D13CD38-B37E-49A4-89A4-E19AE4E9D253}"
EndProject
Project("{2150E333-8FDC-42A3-9474-1A3956D46DE8}") = "Core", "Core", "{7A450EE9-384F-4637-8AF1-0A663A902010}"
EndProject
Project("{9A19103F-16F7-4668-BE54-9A1E7A4F7556}") = "Persistence", "Persistence\Persistence.csproj", "{53DD8CFC-F522-417F-9EE3-65A11E1AF478}"
EndProject
Project("{2150E333-8FDC-42A3-9474-1A3956D46DE8}") = "Tests", "Tests", "{80A51828-D89C-46B5-8BC2-5AE16A084AC0}"
EndProject
Project("{9A19103F-16F7-4668-BE54-9A1E7A4F7556}") = "UnitTests", "UnitTests\UnitTests.csproj", "{58208FD6-CB60-4718-9E1B-B76D9EF337E4}"
EndProject
Project("{FAE04EC0-301F-11D3-BF4B-00C04F79EFBC}") = "Application", "Application\Application.csproj", "{DC58F2F9-4282-422C-A1EA-632701ADA787}"
EndProject
Project("{2150E333-8FDC-42A3-9474-1A3956D46DE8}") = "Presentation", "Presentation", "{34096938-363D-4A67-B543-74991BE03720}"
EndProject
Global
	GlobalSection(SolutionConfigurationPlatforms) = preSolution
		Debug|Any CPU = Debug|Any CPU
		Release|Any CPU = Release|Any CPU
	EndGlobalSection
	GlobalSection(ProjectConfigurationPlatforms) = postSolution
		{BA6FFF48-FEAF-45B4-A8FC-D4FA2C861B14}.Debug|Any CPU.ActiveCfg = Debug|Any CPU
		{BA6FFF48-FEAF-45B4-A8FC-D4FA2C861B14}.Debug|Any CPU.Build.0 = Debug|Any CPU
		{BA6FFF48-FEAF-45B4-A8FC-D4FA2C861B14}.Release|Any CPU.ActiveCfg = Release|Any CPU
		{BA6FFF48-FEAF-45B4-A8FC-D4FA2C861B14}.Release|Any CPU.Build.0 = Release|Any CPU
		{EB3014A1-C5EE-4340-84C9-EC8347ED7AA3}.Debug|Any CPU.ActiveCfg = Debug|Any CPU
		{EB3014A1-C5EE-4340-84C9-EC8347ED7AA3}.Debug|Any CPU.Build.0 = Debug|Any CPU
		{EB3014A1-C5EE-4340-84C9-EC8347ED7AA3}.Release|Any CPU.ActiveCfg = Release|Any CPU
		{EB3014A1-C5EE-4340-84C9-EC8347ED7AA3}.Release|Any CPU.Build.0 = Release|Any CPU
		{A184A0DD-1DBB-4DEF-A620-C833DFC3085F}.Debug|Any CPU.ActiveCfg = Debug|Any CPU
		{A184A0DD-1DBB-4DEF-A620-C833DFC3085F}.Debug|Any CPU.Build.0 = Debug|Any CPU
		{A184A0DD-1DBB-4DEF-A620-C833DFC3085F}.Release|Any CPU.ActiveCfg = Release|Any CPU
		{A184A0DD-1DBB-4DEF-A620-C833DFC3085F}.Release|Any CPU.Build.0 = Release|Any CPU
		{53DD8CFC-F522-417F-9EE3-65A11E1AF478}.Debug|Any CPU.ActiveCfg = Debug|Any CPU
		{53DD8CFC-F522-417F-9EE3-65A11E1AF478}.Debug|Any CPU.Build.0 = Debug|Any CPU
		{53DD8CFC-F522-417F-9EE3-65A11E1AF478}.Release|Any CPU.ActiveCfg = Release|Any CPU
		{53DD8CFC-F522-417F-9EE3-65A11E1AF478}.Release|Any CPU.Build.0 = Release|Any CPU
		{58208FD6-CB60-4718-9E1B-B76D9EF337E4}.Debug|Any CPU.ActiveCfg = Debug|Any CPU
		{58208FD6-CB60-4718-9E1B-B76D9EF337E4}.Debug|Any CPU.Build.0 = Debug|Any CPU
		{58208FD6-CB60-4718-9E1B-B76D9EF337E4}.Release|Any CPU.ActiveCfg = Release|Any CPU
		{58208FD6-CB60-4718-9E1B-B76D9EF337E4}.Release|Any CPU.Build.0 = Release|Any CPU
		{DC58F2F9-4282-422C-A1EA-632701ADA787}.Debug|Any CPU.ActiveCfg = Debug|Any CPU
		{DC58F2F9-4282-422C-A1EA-632701ADA787}.Debug|Any CPU.Build.0 = Debug|Any CPU
		{DC58F2F9-4282-422C-A1EA-632701ADA787}.Release|Any CPU.ActiveCfg = Release|Any CPU
		{DC58F2F9-4282-422C-A1EA-632701ADA787}.Release|Any CPU.Build.0 = Release|Any CPU
	EndGlobalSection
	GlobalSection(SolutionProperties) = preSolution
		HideSolutionNode = FALSE
	EndGlobalSection
	GlobalSection(NestedProjects) = preSolution
		{BA6FFF48-FEAF-45B4-A8FC-D4FA2C861B14} = {34096938-363D-4A67-B543-74991BE03720}
		{EB3014A1-C5EE-4340-84C9-EC8347ED7AA3} = {34096938-363D-4A67-B543-74991BE03720}
		{A184A0DD-1DBB-4DEF-A620-C833DFC3085F} = {7A450EE9-384F-4637-8AF1-0A663A902010}
		{53DD8CFC-F522-417F-9EE3-65A11E1AF478} = {8D13CD38-B37E-49A4-89A4-E19AE4E9D253}
		{58208FD6-CB60-4718-9E1B-B76D9EF337E4} = {80A51828-D89C-46B5-8BC2-5AE16A084AC0}
		{DC58F2F9-4282-422C-A1EA-632701ADA787} = {7A450EE9-384F-4637-8AF1-0A663A902010}
	EndGlobalSection
	GlobalSection(ExtensibilityGlobals) = postSolution
		SolutionGuid = {B99BADDC-B9A9-4C10-8546-20632E10AD03}
	EndGlobalSection
EndGlobal
